<?xml version="1.0" encoding="utf-8"?>
<Project ToolsVersion="4.0" xmlns="http://schemas.microsoft.com/developer/msbuild/2003">
  <ItemGroup>
    <Filter Include="Source Files">
      <UniqueIdentifier>{4FC737F1-C7A5-4376-A066-2A32D752A2FF}</UniqueIdentifier>
      <Extensions>cpp;c;cc;cxx;def;odl;idl;hpj;bat;asm;asmx</Extensions>
    </Filter>
    <Filter Include="Resource Files">
      <UniqueIdentifier>{67DA6AB6-F800-4c08-8B7A-83BB121AAD01}</UniqueIdentifier>
      <Extensions>rc;ico;cur;bmp;dlg;rc2;rct;bin;rgs;gif;jpg;jpeg;jpe;resx;tiff;tif;png;wav;mfcribbon-ms</Extensions>
    </Filter>
    <Filter Include="Source Files\Scene">
      <UniqueIdentifier>{32c313bd-07db-494a-af8e-de395cbec093}</UniqueIdentifier>
    </Filter>
    <Filter Include="Source Files\MAP">
      <UniqueIdentifier>{29dd3b94-9361-44be-a4e2-74e78d17e07a}</UniqueIdentifier>
    </Filter>
  </ItemGroup>
  <ItemGroup>
    <ClCompile Include="main.cpp">
      <Filter>Source Files</Filter>
    </ClCompile>
    <ClCompile Include="stdafx.cpp">
      <Filter>Source Files</Filter>
    </ClCompile>
    <ClCompile Include="Scene\TitleScene.cpp">
      <Filter>Source Files\Scene</Filter>
    </ClCompile>
    <ClCompile Include="Scene\GameScene.cpp">
      <Filter>Source Files\Scene</Filter>
    </ClCompile>
    <ClCompile Include="Fade.cpp">
      <Filter>Source Files</Filter>
    </ClCompile>
    <ClCompile Include="Camera.cpp">
      <Filter>Source Files</Filter>
    </ClCompile>
    <ClCompile Include="Player.cpp">
      <Filter>Source Files</Filter>
    </ClCompile>
    <ClCompile Include="Mapchip.cpp">
      <Filter>Source Files\MAP</Filter>
    </ClCompile>
    <ClCompile Include="Map.cpp">
      <Filter>Source Files\MAP</Filter>
    </ClCompile>
    <ClCompile Include="BattleScene.cpp">
      <Filter>Source Files\Scene</Filter>
    </ClCompile>
    <ClCompile Include="BattlePlayer.cpp">
      <Filter>Source Files</Filter>
    </ClCompile>
    <ClCompile Include="BattleEnemy.cpp">
      <Filter>Source Files</Filter>
    </ClCompile>
    <ClCompile Include="BattleCamera.cpp">
      <Filter>Source Files</Filter>
    </ClCompile>
    <ClCompile Include="Map2.cpp">
      <Filter>Source Files\MAP</Filter>
    </ClCompile>
    <ClCompile Include="Torch.cpp">
      <Filter>Source Files\MAP</Filter>
    </ClCompile>
  </ItemGroup>
  <ItemGroup>
    <ClInclude Include="stdafx.h">
      <Filter>Source Files</Filter>
    </ClInclude>
    <ClInclude Include="Scene\TitleScene.h">
      <Filter>Source Files\Scene</Filter>
    </ClInclude>
    <ClInclude Include="Scene\GameScene.h">
      <Filter>Source Files\Scene</Filter>
    </ClInclude>
    <ClInclude Include="Fade.h">
      <Filter>Source Files</Filter>
    </ClInclude>
    <ClInclude Include="Camera.h">
      <Filter>Source Files</Filter>
    </ClInclude>
    <ClInclude Include="Player.h">
      <Filter>Source Files</Filter>
    </ClInclude>
    <ClInclude Include="Mapchip.h">
      <Filter>Source Files\MAP</Filter>
    </ClInclude>
    <ClInclude Include="Map.h">
      <Filter>Source Files\MAP</Filter>
    </ClInclude>
    <ClInclude Include="BattleScene.h">
      <Filter>Source Files\Scene</Filter>
    </ClInclude>
    <ClInclude Include="BattlePlayer.h">
      <Filter>Source Files</Filter>
    </ClInclude>
    <ClInclude Include="BattleEnemy.h">
      <Filter>Source Files</Filter>
    </ClInclude>
    <ClInclude Include="BattleCamera.h">
      <Filter>Source Files</Filter>
    </ClInclude>
    <ClInclude Include="Map2.h">
      <Filter>Source Files\MAP</Filter>
    </ClInclude>
    <ClInclude Include="Torch.h">
      <Filter>Source Files\MAP</Filter>
    </ClInclude>
  </ItemGroup>
</Project>