<?xml version="1.0" encoding="utf-8"?>
<Project ToolsVersion="4.0" xmlns="http://schemas.microsoft.com/developer/msbuild/2003">
  <ItemGroup>
    <ClCompile Include="Camera.cpp" />
    <ClCompile Include="Fade.cpp" />
    <ClCompile Include="GameSound.cpp" />
    <ClCompile Include="main.cpp" />
    <ClCompile Include="shop.cpp" />
    <ClCompile Include="stdafx.cpp" />
    <ClCompile Include="BattleEnemy.cpp">
      <Filter>Enemy</Filter>
    </ClCompile>
    <ClCompile Include="Enemy.cpp">
      <Filter>Enemy</Filter>
    </ClCompile>
    <ClCompile Include="BattleMenu.cpp">
      <Filter>Hud</Filter>
    </ClCompile>
    <ClCompile Include="EnemyHUD.cpp">
      <Filter>Hud</Filter>
    </ClCompile>
    <ClCompile Include="HUD.cpp">
      <Filter>Hud</Filter>
    </ClCompile>
    <ClCompile Include="BattlePlayer.cpp">
      <Filter>Player</Filter>
    </ClCompile>
    <ClCompile Include="Player.cpp">
      <Filter>Player</Filter>
    </ClCompile>
    <ClCompile Include="Npc.cpp">
      <Filter>Enemy</Filter>
    </ClCompile>
    <ClCompile Include="GameSky.cpp">
      <Filter>Map</Filter>
    </ClCompile>
    <ClCompile Include="Map.cpp">
      <Filter>Map</Filter>
    </ClCompile>
    <ClCompile Include="Map2.cpp">
      <Filter>Map</Filter>
    </ClCompile>
    <ClCompile Include="Mapchip.cpp">
      <Filter>Map</Filter>
    </ClCompile>
    <ClCompile Include="Menu.cpp">
      <Filter>Hud</Filter>
    </ClCompile>
    <ClCompile Include="Mining.cpp">
      <Filter>Map</Filter>
    </ClCompile>
    <ClCompile Include="SceneChange.cpp">
      <Filter>Map</Filter>
    </ClCompile>
    <ClCompile Include="BattleScene.cpp">
      <Filter>Scene</Filter>
    </ClCompile>
    <ClCompile Include="Scene\GameScene.cpp">
      <Filter>Scene</Filter>
    </ClCompile>
    <ClCompile Include="Scene\TitleScene.cpp">
      <Filter>Scene</Filter>
    </ClCompile>
  </ItemGroup>
  <ItemGroup>
    <ClInclude Include="Camera.h" />
    <ClInclude Include="Fade.h" />
    <ClInclude Include="GameSound.h" />
    <ClInclude Include="shop.h" />
    <ClInclude Include="stdafx.h" />
    <ClInclude Include="BattleEnemy.h">
      <Filter>Enemy</Filter>
    </ClInclude>
    <ClInclude Include="Enemy.h">
      <Filter>Enemy</Filter>
    </ClInclude>
    <ClInclude Include="BattleMenu.h">
      <Filter>Hud</Filter>
    </ClInclude>
    <ClInclude Include="EnemyHUD.h">
      <Filter>Hud</Filter>
    </ClInclude>
    <ClInclude Include="HUD.h">
      <Filter>Hud</Filter>
    </ClInclude>
    <ClInclude Include="BattlePlayer.h">
      <Filter>Player</Filter>
    </ClInclude>
    <ClInclude Include="Player.h">
      <Filter>Player</Filter>
    </ClInclude>
    <ClInclude Include="Npc.h">
      <Filter>Enemy</Filter>
    </ClInclude>
    <ClInclude Include="GameSky.h">
      <Filter>Map</Filter>
    </ClInclude>
    <ClInclude Include="Map.h">
      <Filter>Map</Filter>
    </ClInclude>
    <ClInclude Include="Map2.h">
      <Filter>Map</Filter>
    </ClInclude>
    <ClInclude Include="Mapchip.h">
      <Filter>Map</Filter>
    </ClInclude>
    <ClInclude Include="Menu.h">
      <Filter>Hud</Filter>
    </ClInclude>
    <ClInclude Include="Mining.h">
      <Filter>Map</Filter>
    </ClInclude>
    <ClInclude Include="SceneChange.h">
      <Filter>Map</Filter>
    </ClInclude>
    <ClInclude Include="BattleScene.h">
      <Filter>Scene</Filter>
    </ClInclude>
    <ClInclude Include="Scene\GameScene.h">
      <Filter>Scene</Filter>
    </ClInclude>
    <ClInclude Include="Scene\TitleScene.h">
      <Filter>Scene</Filter>
    </ClInclude>
  </ItemGroup>
  <ItemGroup>
    <Filter Include="Enemy">
      <UniqueIdentifier>{b0bc9642-bb7b-4601-89c5-d5b2e91d4def}</UniqueIdentifier>
    </Filter>
    <Filter Include="Hud">
      <UniqueIdentifier>{55e2a168-0da9-433f-8aa9-002751a4f6e1}</UniqueIdentifier>
    </Filter>
    <Filter Include="Player">
      <UniqueIdentifier>{0632785b-4a68-415f-af45-5b71c23f21d7}</UniqueIdentifier>
    </Filter>
    <Filter Include="Map">
      <UniqueIdentifier>{3ee1e330-065b-4dcd-af9c-0e99516d609d}</UniqueIdentifier>
    </Filter>
    <Filter Include="Scene">
      <UniqueIdentifier>{6b43288b-8224-4d14-af37-092943c70898}</UniqueIdentifier>
    </Filter>
  </ItemGroup>
</Project>